{
  "name": "mrbartusek-readme",
  "version": "1.0.0",
  "lockfileVersion": 1,
  "requires": true,
  "dependencies": {
    "axios": {
      "version": "0.21.4",
      "resolved": "https://registry.npmjs.org/axios/-/axios-0.21.4.tgz",
      "integrity": "sha512-ut5vewkiu8jjGBdqpM44XxjuCjq9LAKeHVmoVfHVzy8eHgxxq8SbAVQNovDA8mVi05kP0Ea/n/UzcSHcTJQfNg==",
      "requires": {
        "follow-redirects": "^1.14.0"
      }
    },
    "follow-redirects": {
      "version": "1.14.4",
      "resolved": "https://registry.npmjs.org/follow-redirects/-/follow-redirects-1.14.4.tgz",
      "integrity": "sha512-zwGkiSXC1MUJG/qmeIFH2HBJx9u0V46QGUe3YR1fXG8bXQxq7fLj0RjLZQ5nubr9qNJUZrH+xUcwXEoXNpfS+g=="
    },
    "mustache": {
      "version": "4.0.1",
      "resolved": "https://registry.npmjs.org/mustache/-/mustache-4.0.1.tgz",
      "integrity": "sha512-yL5VE97+OXn4+Er3THSmTdCFCtx5hHWzrolvH+JObZnUYwuaG7XV+Ch4fR2cIrcYI0tFHxS7iyFYl14bW8y2sA=="
    },
    "node-fetch": {
      "version": "2.6.1",
      "resolved": "https://registry.npmjs.org/node-fetch/-/node-fetch-2.6.1.tgz",
      "integrity": "sha512-V4aYg89jEoVRxRb2fJdAg8FHvI7cEyYdVAh94HH0UIK8oJxUfkjlDQN9RbMx+bEjP7+ggMiFRprSti032Oipxw=="
    },
    "readme-activity-feed": {
      "version": "1.1.0",
      "resolved": "https://registry.npmjs.org/readme-activity-feed/-/readme-activity-feed-1.1.0.tgz",
      "integrity": "sha512-Jfycr2vHTAShq0ck14jNQhhVIDX/6G84hn5qOqvNyg6VslgcluNGlCAsy+sT0L9/Z9x7xPqp5pIaQq2qO8SB+w==",
      "requires": {
        "axios": "^0.21.4"
      }
    },
    "simple-icons": {
      "version": "5.14.0",
      "resolved": "https://registry.npmjs.org/simple-icons/-/simple-icons-5.14.0.tgz",
      "integrity": "sha512-FSjRh93nsg84RJm9SvtbGIrmgteuvELxreZ5nusIRdSxg2EIswy7FTJxQvEUu15doYkUWhN+kPAZIvwBYYnKUQ=="
    },
    "technology-shields": {
      "version": "1.0.1",
      "resolved": "https://registry.npmjs.org/technology-shields/-/technology-shields-1.0.1.tgz",
      "integrity": "sha512-HdWyanGO/ZBVu17kCgr+1ySbIt+TU2Hz70PFUhOZr2fkeBRCuYyakTygcOijIB/piQjEhmhRUNp7yeu4Gy6oMw==",
      "requires": {
        "simple-icons": "^5.13.0"
      }
    }
  }
}
