{
  "name": "mrbartusek-readme",
  "version": "1.0.0",
  "lockfileVersion": 1,
  "requires": true,
  "dependencies": {
    "mustache": {
      "version": "4.0.1",
      "resolved": "https://registry.npmjs.org/mustache/-/mustache-4.0.1.tgz",
      "integrity": "sha512-yL5VE97+OXn4+Er3THSmTdCFCtx5hHWzrolvH+JObZnUYwuaG7XV+Ch4fR2cIrcYI0tFHxS7iyFYl14bW8y2sA=="
    },
    "node-fetch": {
      "version": "2.6.1",
      "resolved": "https://registry.npmjs.org/node-fetch/-/node-fetch-2.6.1.tgz",
      "integrity": "sha512-V4aYg89jEoVRxRb2fJdAg8FHvI7cEyYdVAh94HH0UIK8oJxUfkjlDQN9RbMx+bEjP7+ggMiFRprSti032Oipxw=="
    },
    "simple-icons": {
      "version": "5.14.0",
      "resolved": "https://registry.npmjs.org/simple-icons/-/simple-icons-5.14.0.tgz",
      "integrity": "sha512-FSjRh93nsg84RJm9SvtbGIrmgteuvELxreZ5nusIRdSxg2EIswy7FTJxQvEUu15doYkUWhN+kPAZIvwBYYnKUQ=="
    },
    "technology-shields": {
      "version": "1.0.1",
      "resolved": "https://registry.npmjs.org/technology-shields/-/technology-shields-1.0.1.tgz",
      "integrity": "sha512-HdWyanGO/ZBVu17kCgr+1ySbIt+TU2Hz70PFUhOZr2fkeBRCuYyakTygcOijIB/piQjEhmhRUNp7yeu4Gy6oMw==",
      "requires": {
        "simple-icons": "^5.13.0"
      }
    }
  }
}
